{
  "requires": true,
  "lockfileVersion": 1,
  "dependencies": {
    "fs": {
      "version": "0.0.1-security",
      "resolved": "https://registry.npmjs.org/fs/-/fs-0.0.1-security.tgz",
      "integrity": "sha1-invTcYa23d84E/I4WLV+yq9eQdQ="
    },
    "harbinger-complex-palindrome-detector": {
      "version": "0.1.1",
      "resolved": "https://registry.npmjs.org/harbinger-complex-palindrome-detector/-/harbinger-complex-palindrome-detector-0.1.1.tgz",
      "integrity": "sha512-XE23CBrqLRNvwZx3LDfK1YT4j+3+v8IRjm5krs0bpur4ldVBZWFdpUrRsN7BfKIBQzF7IBZaPrTHdxkLms1Rvg=="
    }
  }
}
